github.com/balacode/zr v1.0.0 h1:MCupkEoXvrnCljc4KddiDOhR04ZLUAACgtKuo3o+9vc=
github.com/balacode/zr v1.0.0/go.mod h1:pLeSAL3DhZ9L0JuiRkUtIX3mLOCtzBLnDhfmykbSmkE=
github.com/balacode/zr-whirl v1.0.1 h1:0L4WvmXobGYwYUFuy4A+ecavDt4sOOsA23CYWE+hKYs=
github.com/balacode/zr-whirl v1.0.1/go.mod h1:pGz1CbPjbGwD4UY87rPpz01KeaViRREsxivDPLniMUQ=
